
Microsoft Visual Studio Solution File, Format Version 12.00
# Visual Studio 2012
Project("{FAE04EC0-301F-11D3-BF4B-00C04F79EFBC}") = "Wmb", "Wmb\Wmb.csproj", "{DC47DFBD-AEA0-4B93-8DEA-F28BCBA46D32}"
EndProject
Project("{FAE04EC0-301F-11D3-BF4B-00C04F79EFBC}") = "Wmb.Tests", "Wmb.Tests\Wmb.Tests.csproj", "{C610D371-0399-4BFB-8E35-6D99DC8D1675}"
EndProject
Global
	GlobalSection(SolutionConfigurationPlatforms) = preSolution
		Debug|Any CPU = Debug|Any CPU
		Release|Any CPU = Release|Any CPU
	EndGlobalSection
	GlobalSection(ProjectConfigurationPlatforms) = postSolution
		{DC47DFBD-AEA0-4B93-8DEA-F28BCBA46D32}.Debug|Any CPU.ActiveCfg = Debug|Any CPU
		{DC47DFBD-AEA0-4B93-8DEA-F28BCBA46D32}.Debug|Any CPU.Build.0 = Debug|Any CPU
		{DC47DFBD-AEA0-4B93-8DEA-F28BCBA46D32}.Release|Any CPU.ActiveCfg = Release|Any CPU
		{DC47DFBD-AEA0-4B93-8DEA-F28BCBA46D32}.Release|Any CPU.Build.0 = Release|Any CPU
		{C610D371-0399-4BFB-8E35-6D99DC8D1675}.Debug|Any CPU.ActiveCfg = Debug|Any CPU
		{C610D371-0399-4BFB-8E35-6D99DC8D1675}.Debug|Any CPU.Build.0 = Debug|Any CPU
		{C610D371-0399-4BFB-8E35-6D99DC8D1675}.Release|Any CPU.ActiveCfg = Release|Any CPU
		{C610D371-0399-4BFB-8E35-6D99DC8D1675}.Release|Any CPU.Build.0 = Release|Any CPU
	EndGlobalSection
	GlobalSection(SolutionProperties) = preSolution
		HideSolutionNode = FALSE
	EndGlobalSection
EndGlobal
